Microsoft Visual Studio Solution File, Format Version 12.00
# Visual Studio Version 17
VisualStudioVersion = 17.13.35828.75
MinimumVisualStudioVersion = 10.0.40219.1
Project("{FAE04EC0-301F-11D3-BF4B-00C04F79EFBC}") = "exercicio02", "exercicio02.csproj", "{856FDF00-56D1-45E3-B362-D057D4D7D011}"
EndProject
Global
	GlobalSection(SolutionConfigurationPlatforms) = preSolution
		Debug|Any CPU = Debug|Any CPU
		Release|Any CPU = Release|Any CPU
	EndGlobalSection
	GlobalSection(ProjectConfigurationPlatforms) = postSolution
		{856FDF00-56D1-45E3-B362-D057D4D7D011}.Debug|Any CPU.ActiveCfg = Debug|Any CPU
		{856FDF00-56D1-45E3-B362-D057D4D7D011}.Debug|Any CPU.Build.0 = Debug|Any CPU
		{856FDF00-56D1-45E3-B362-D057D4D7D011}.Release|Any CPU.ActiveCfg = Release|Any CPU
		{856FDF00-56D1-45E3-B362-D057D4D7D011}.Release|Any CPU.Build.0 = Release|Any CPU
	EndGlobalSection
	GlobalSection(SolutionProperties) = preSolution
		HideSolutionNode = FALSE
	EndGlobalSection
	GlobalSection(ExtensibilityGlobals) = postSolution
		SolutionGuid = {F1E203C5-BE6B-47EF-B9C5-ACB9473C91AC}
	EndGlobalSection
EndGlobal
